
Microsoft Visual Studio Solution File, Format Version 12.00
# Visual Studio Version 17
VisualStudioVersion = 17.14.36603.0 d17.14
MinimumVisualStudioVersion = 10.0.40219.1
Project("{FAE04EC0-301F-11D3-BF4B-00C04F79EFBC}") = "SolarMicronet.Web", "SolarMicronet.Web.csproj", "{BA4677A1-5DAC-ACC7-F136-6D95FAB88448}"
EndProject
Global
	GlobalSection(SolutionConfigurationPlatforms) = preSolution
		Debug|Any CPU = Debug|Any CPU
		Release|Any CPU = Release|Any CPU
	EndGlobalSection
	GlobalSection(ProjectConfigurationPlatforms) = postSolution
		{BA4677A1-5DAC-ACC7-F136-6D95FAB88448}.Debug|Any CPU.ActiveCfg = Debug|Any CPU
		{BA4677A1-5DAC-ACC7-F136-6D95FAB88448}.Debug|Any CPU.Build.0 = Debug|Any CPU
		{BA4677A1-5DAC-ACC7-F136-6D95FAB88448}.Release|Any CPU.ActiveCfg = Release|Any CPU
		{BA4677A1-5DAC-ACC7-F136-6D95FAB88448}.Release|Any CPU.Build.0 = Release|Any CPU
	EndGlobalSection
	GlobalSection(SolutionProperties) = preSolution
		HideSolutionNode = FALSE
	EndGlobalSection
	GlobalSection(ExtensibilityGlobals) = postSolution
		SolutionGuid = {CCBAC785-969E-4868-9F26-C5A979660408}
	EndGlobalSection
EndGlobal
